
Microsoft Visual Studio Solution File, Format Version 12.00
# Visual Studio Version 17
VisualStudioVersion = 17.2.32616.157
MinimumVisualStudioVersion = 10.0.40219.1
Project("{FAE04EC0-301F-11D3-BF4B-00C04F79EFBC}") = "BenchmarkToolLibrary", "BenchmarkToolLibrary\BenchmarkToolLibrary.csproj", "{E0D56AD3-7C04-4C56-AE7B-3AF0B6CE1F55}"
EndProject
Project("{FAE04EC0-301F-11D3-BF4B-00C04F79EFBC}") = "WpfAdmin", "WpfAdmin\WpfAdmin.csproj", "{74332E35-D09F-49F9-B079-10742A7FA849}"
EndProject
Project("{FAE04EC0-301F-11D3-BF4B-00C04F79EFBC}") = "WpfUser", "WpfUser\WpfUser.csproj", "{B2390565-7394-4653-94C6-6748EE888C84}"
EndProject
Project("{FAE04EC0-301F-11D3-BF4B-00C04F79EFBC}") = "ConsolePasswordGetter", "ConsolePasswordGetter\ConsolePasswordGetter.csproj", "{EAC06034-E6D5-4C60-8FDB-540FB7CB8B63}"
EndProject
Global
	GlobalSection(SolutionConfigurationPlatforms) = preSolution
		Debug|Any CPU = Debug|Any CPU
		Release|Any CPU = Release|Any CPU
	EndGlobalSection
	GlobalSection(ProjectConfigurationPlatforms) = postSolution
		{E0D56AD3-7C04-4C56-AE7B-3AF0B6CE1F55}.Debug|Any CPU.ActiveCfg = Debug|Any CPU
		{E0D56AD3-7C04-4C56-AE7B-3AF0B6CE1F55}.Debug|Any CPU.Build.0 = Debug|Any CPU
		{E0D56AD3-7C04-4C56-AE7B-3AF0B6CE1F55}.Release|Any CPU.ActiveCfg = Release|Any CPU
		{E0D56AD3-7C04-4C56-AE7B-3AF0B6CE1F55}.Release|Any CPU.Build.0 = Release|Any CPU
		{74332E35-D09F-49F9-B079-10742A7FA849}.Debug|Any CPU.ActiveCfg = Debug|Any CPU
		{74332E35-D09F-49F9-B079-10742A7FA849}.Debug|Any CPU.Build.0 = Debug|Any CPU
		{74332E35-D09F-49F9-B079-10742A7FA849}.Release|Any CPU.ActiveCfg = Release|Any CPU
		{74332E35-D09F-49F9-B079-10742A7FA849}.Release|Any CPU.Build.0 = Release|Any CPU
		{B2390565-7394-4653-94C6-6748EE888C84}.Debug|Any CPU.ActiveCfg = Debug|Any CPU
		{B2390565-7394-4653-94C6-6748EE888C84}.Debug|Any CPU.Build.0 = Debug|Any CPU
		{B2390565-7394-4653-94C6-6748EE888C84}.Release|Any CPU.ActiveCfg = Release|Any CPU
		{B2390565-7394-4653-94C6-6748EE888C84}.Release|Any CPU.Build.0 = Release|Any CPU
		{EAC06034-E6D5-4C60-8FDB-540FB7CB8B63}.Debug|Any CPU.ActiveCfg = Debug|Any CPU
		{EAC06034-E6D5-4C60-8FDB-540FB7CB8B63}.Debug|Any CPU.Build.0 = Debug|Any CPU
		{EAC06034-E6D5-4C60-8FDB-540FB7CB8B63}.Release|Any CPU.ActiveCfg = Release|Any CPU
		{EAC06034-E6D5-4C60-8FDB-540FB7CB8B63}.Release|Any CPU.Build.0 = Release|Any CPU
	EndGlobalSection
	GlobalSection(SolutionProperties) = preSolution
		HideSolutionNode = FALSE
	EndGlobalSection
	GlobalSection(ExtensibilityGlobals) = postSolution
		SolutionGuid = {268DBB17-8869-4E75-BCD8-560270148A30}
	EndGlobalSection
EndGlobal
